// !$*UTF8*$!
{
	archiveVersion = 1;
	classes = {
	};
	objectVersion = 46;
	objects = {

/* Begin PBXBuildFile section */
		13911C161C15A48D0035820C /* main.m in Sources */ = {isa = PBXBuildFile; fileRef = 13911C151C15A48D0035820C /* main.m */; };
		13911C191C15A48E0035820C /* AppDelegate.m in Sources */ = {isa = PBXBuildFile; fileRef = 13911C181C15A48E0035820C /* AppDelegate.m */; };
		13911C1C1C15A48E0035820C /* RootViewController.m in Sources */ = {isa = PBXBuildFile; fileRef = 13911C1B1C15A48E0035820C /* RootViewController.m */; };
		13911C211C15A48E0035820C /* Assets.xcassets in Resources */ = {isa = PBXBuildFile; fileRef = 13911C201C15A48E0035820C /* Assets.xcassets */; };
		13911C241C15A48E0035820C /* LaunchScreen.storyboard in Resources */ = {isa = PBXBuildFile; fileRef = 13911C221C15A48E0035820C /* LaunchScreen.storyboard */; };
		13911C311C15A4AD0035820C /* PatternKit.framework in Frameworks */ = {isa = PBXBuildFile; fileRef = 13911C301C15A49F0035820C /* PatternKit.framework */; };
		13911C321C15A4AD0035820C /* PatternKit.framework in Embed Frameworks */ = {isa = PBXBuildFile; fileRef = 13911C301C15A49F0035820C /* PatternKit.framework */; settings = {ATTRIBUTES = (CodeSignOnCopy, RemoveHeadersOnCopy, ); }; };
		13AC59A21C16E14600696EA9 /* DemoTableViewController.m in Sources */ = {isa = PBXBuildFile; fileRef = 13AC59A11C16E14600696EA9 /* DemoTableViewController.m */; };
/* End PBXBuildFile section */

/* Begin PBXContainerItemProxy section */
		13911C2F1C15A49F0035820C /* PBXContainerItemProxy */ = {
			isa = PBXContainerItemProxy;
			containerPortal = 13911C2B1C15A49F0035820C /* PatternKit.xcodeproj */;
			proxyType = 2;
			remoteGlobalIDString = 13911BFD1C15A3D80035820C;
			remoteInfo = PatternKit;
		};
		13911C331C15A4AD0035820C /* PBXContainerItemProxy */ = {
			isa = PBXContainerItemProxy;
			containerPortal = 13911C2B1C15A49F0035820C /* PatternKit.xcodeproj */;
			proxyType = 1;
			remoteGlobalIDString = 13911BFC1C15A3D80035820C;
			remoteInfo = PatternKit;
		};
/* End PBXContainerItemProxy section */

/* Begin PBXCopyFilesBuildPhase section */
		13911C351C15A4AD0035820C /* Embed Frameworks */ = {
			isa = PBXCopyFilesBuildPhase;
			buildActionMask = 2147483647;
			dstPath = "";
			dstSubfolderSpec = 10;
			files = (
				13911C321C15A4AD0035820C /* PatternKit.framework in Embed Frameworks */,
			);
			name = "Embed Frameworks";
			runOnlyForDeploymentPostprocessing = 0;
		};
/* End PBXCopyFilesBuildPhase section */

/* Begin PBXFileReference section */
		13911C111C15A48D0035820C /* PatternKitDemo.app */ = {isa = PBXFileReference; explicitFileType = wrapper.application; includeInIndex = 0; path = PatternKitDemo.app; sourceTree = BUILT_PRODUCTS_DIR; };
		13911C151C15A48D0035820C /* main.m */ = {isa = PBXFileReference; lastKnownFileType = sourcecode.c.objc; path = main.m; sourceTree = "<group>"; };
		13911C171C15A48D0035820C /* AppDelegate.h */ = {isa = PBXFileReference; lastKnownFileType = sourcecode.c.h; path = AppDelegate.h; sourceTree = "<group>"; };
		13911C181C15A48E0035820C /* AppDelegate.m */ = {isa = PBXFileReference; lastKnownFileType = sourcecode.c.objc; path = AppDelegate.m; sourceTree = "<group>"; };
		13911C1A1C15A48E0035820C /* RootViewController.h */ = {isa = PBXFileReference; lastKnownFileType = sourcecode.c.h; path = RootViewController.h; sourceTree = "<group>"; };
		13911C1B1C15A48E0035820C /* RootViewController.m */ = {isa = PBXFileReference; lastKnownFileType = sourcecode.c.objc; path = RootViewController.m; sourceTree = "<group>"; };
		13911C201C15A48E0035820C /* Assets.xcassets */ = {isa = PBXFileReference; lastKnownFileType = folder.assetcatalog; path = Assets.xcassets; sourceTree = "<group>"; };
		13911C231C15A48E0035820C /* Base */ = {isa = PBXFileReference; lastKnownFileType = file.storyboard; name = Base; path = Base.lproj/LaunchScreen.storyboard; sourceTree = "<group>"; };
		13911C251C15A48E0035820C /* Info.plist */ = {isa = PBXFileReference; lastKnownFileType = text.plist.xml; path = Info.plist; sourceTree = "<group>"; };
		13911C2B1C15A49F0035820C /* PatternKit.xcodeproj */ = {isa = PBXFileReference; lastKnownFileType = "wrapper.pb-project"; name = PatternKit.xcodeproj; path = ../PatternKit.xcodeproj; sourceTree = "<group>"; };
		13AC59A01C16E14600696EA9 /* DemoTableViewController.h */ = {isa = PBXFileReference; fileEncoding = 4; lastKnownFileType = sourcecode.c.h; path = DemoTableViewController.h; sourceTree = "<group>"; };
		13AC59A11C16E14600696EA9 /* DemoTableViewController.m */ = {isa = PBXFileReference; fileEncoding = 4; lastKnownFileType = sourcecode.c.objc; path = DemoTableViewController.m; sourceTree = "<group>"; };
/* End PBXFileReference section */

/* Begin PBXFrameworksBuildPhase section */
		13911C0E1C15A48D0035820C /* Frameworks */ = {
			isa = PBXFrameworksBuildPhase;
			buildActionMask = 2147483647;
			files = (
				13911C311C15A4AD0035820C /* PatternKit.framework in Frameworks */,
			);
			runOnlyForDeploymentPostprocessing = 0;
		};
/* End PBXFrameworksBuildPhase section */

/* Begin PBXGroup section */
		13911C081C15A48D0035820C = {
			isa = PBXGroup;
			children = (
				13911C2B1C15A49F0035820C /* PatternKit.xcodeproj */,
				13911C131C15A48D0035820C /* PatternKitDemo */,
				13911C121C15A48D0035820C /* Products */,
			);
			sourceTree = "<group>";
		};
		13911C121C15A48D0035820C /* Products */ = {
			isa = PBXGroup;
			children = (
				13911C111C15A48D0035820C /* PatternKitDemo.app */,
			);
			name = Products;
			sourceTree = "<group>";
		};
		13911C131C15A48D0035820C /* PatternKitDemo */ = {
			isa = PBXGroup;
			children = (
				13911C171C15A48D0035820C /* AppDelegate.h */,
				13911C181C15A48E0035820C /* AppDelegate.m */,
				13911C1A1C15A48E0035820C /* RootViewController.h */,
				13911C1B1C15A48E0035820C /* RootViewController.m */,
				13AC59A01C16E14600696EA9 /* DemoTableViewController.h */,
				13AC59A11C16E14600696EA9 /* DemoTableViewController.m */,
				13911C201C15A48E0035820C /* Assets.xcassets */,
				13911C221C15A48E0035820C /* LaunchScreen.storyboard */,
				13911C251C15A48E0035820C /* Info.plist */,
				13911C141C15A48D0035820C /* Supporting Files */,
			);
			path = PatternKitDemo;
			sourceTree = "<group>";
		};
		13911C141C15A48D0035820C /* Supporting Files */ = {
			isa = PBXGroup;
			children = (
				13911C151C15A48D0035820C /* main.m */,
			);
			name = "Supporting Files";
			sourceTree = "<group>";
		};
		13911C2C1C15A49F0035820C /* Products */ = {
			isa = PBXGroup;
			children = (
				13911C301C15A49F0035820C /* PatternKit.framework */,
			);
			name = Products;
			sourceTree = "<group>";
		};
/* End PBXGroup section */

/* Begin PBXNativeTarget section */
		13911C101C15A48D0035820C /* PatternKitDemo */ = {
			isa = PBXNativeTarget;
			buildConfigurationList = 13911C281C15A48E0035820C /* Build configuration list for PBXNativeTarget "PatternKitDemo" */;
			buildPhases = (
				13911C0D1C15A48D0035820C /* Sources */,
				13911C0E1C15A48D0035820C /* Frameworks */,
				13911C0F1C15A48D0035820C /* Resources */,
				13911C351C15A4AD0035820C /* Embed Frameworks */,
			);
			buildRules = (
			);
			dependencies = (
				13911C341C15A4AD0035820C /* PBXTargetDependency */,
			);
			name = PatternKitDemo;
			productName = PatternKitDemo;
			productReference = 13911C111C15A48D0035820C /* PatternKitDemo.app */;
			productType = "com.apple.product-type.application";
		};
/* End PBXNativeTarget section */

/* Begin PBXProject section */
		13911C091C15A48D0035820C /* Project object */ = {
			isa = PBXProject;
			attributes = {
				LastUpgradeCheck = 0710;
				ORGANIZATIONNAME = "3 SIDED CUBE";
				TargetAttributes = {
					13911C101C15A48D0035820C = {
						CreatedOnToolsVersion = 7.1.1;
					};
				};
			};
			buildConfigurationList = 13911C0C1C15A48D0035820C /* Build configuration list for PBXProject "PatternKitDemo" */;
			compatibilityVersion = "Xcode 3.2";
			developmentRegion = English;
			hasScannedForEncodings = 0;
			knownRegions = (
				en,
				Base,
			);
			mainGroup = 13911C081C15A48D0035820C;
			productRefGroup = 13911C121C15A48D0035820C /* Products */;
			projectDirPath = "";
			projectReferences = (
				{
					ProductGroup = 13911C2C1C15A49F0035820C /* Products */;
					ProjectRef = 13911C2B1C15A49F0035820C /* PatternKit.xcodeproj */;
				},
			);
			projectRoot = "";
			targets = (
				13911C101C15A48D0035820C /* PatternKitDemo */,
			);
		};
/* End PBXProject section */

/* Begin PBXReferenceProxy section */
		13911C301C15A49F0035820C /* PatternKit.framework */ = {
			isa = PBXReferenceProxy;
			fileType = wrapper.framework;
			path = PatternKit.framework;
			remoteRef = 13911C2F1C15A49F0035820C /* PBXContainerItemProxy */;
			sourceTree = BUILT_PRODUCTS_DIR;
		};
/* End PBXReferenceProxy section */

/* Begin PBXResourcesBuildPhase section */
		13911C0F1C15A48D0035820C /* Resources */ = {
			isa = PBXResourcesBuildPhase;
			buildActionMask = 2147483647;
			files = (
				13911C241C15A48E0035820C /* LaunchScreen.storyboard in Resources */,
				13911C211C15A48E0035820C /* Assets.xcassets in Resources */,
			);
			runOnlyForDeploymentPostprocessing = 0;
		};
/* End PBXResourcesBuildPhase section */

/* Begin PBXSourcesBuildPhase section */
		13911C0D1C15A48D0035820C /* Sources */ = {
			isa = PBXSourcesBuildPhase;
			buildActionMask = 2147483647;
			files = (
				13AC59A21C16E14600696EA9 /* DemoTableViewController.m in Sources */,
				13911C1C1C15A48E0035820C /* RootViewController.m in Sources */,
				13911C191C15A48E0035820C /* AppDelegate.m in Sources */,
				13911C161C15A48D0035820C /* main.m in Sources */,
			);
			runOnlyForDeploymentPostprocessing = 0;
		};
/* End PBXSourcesBuildPhase section */

/* Begin PBXTargetDependency section */
		13911C341C15A4AD0035820C /* PBXTargetDependency */ = {
			isa = PBXTargetDependency;
			name = PatternKit;
			targetProxy = 13911C331C15A4AD0035820C /* PBXContainerItemProxy */;
		};
/* End PBXTargetDependency section */

/* Begin PBXVariantGroup section */
		13911C221C15A48E0035820C /* LaunchScreen.storyboard */ = {
			isa = PBXVariantGroup;
			children = (
				13911C231C15A48E0035820C /* Base */,
			);
			name = LaunchScreen.storyboard;
			sourceTree = "<group>";
		};
/* End PBXVariantGroup section */

/* Begin XCBuildConfiguration section */
		13911C261C15A48E0035820C /* Debug */ = {
			isa = XCBuildConfiguration;
			buildSettings = {
				ALWAYS_SEARCH_USER_PATHS = NO;
				CLANG_CXX_LANGUAGE_STANDARD = "gnu++0x";
				CLANG_CXX_LIBRARY = "libc++";
				CLANG_ENABLE_MODULES = YES;
				CLANG_ENABLE_OBJC_ARC = YES;
				CLANG_WARN_BOOL_CONVERSION = YES;
				CLANG_WARN_CONSTANT_CONVERSION = YES;
				CLANG_WARN_DIRECT_OBJC_ISA_USAGE = YES_ERROR;
				CLANG_WARN_EMPTY_BODY = YES;
				CLANG_WARN_ENUM_CONVERSION = YES;
				CLANG_WARN_INT_CONVERSION = YES;
				CLANG_WARN_OBJC_ROOT_CLASS = YES_ERROR;
				CLANG_WARN_UNREACHABLE_CODE = YES;
				CLANG_WARN__DUPLICATE_METHOD_MATCH = YES;
				"CODE_SIGN_IDENTITY[sdk=iphoneos*]" = "iPhone Developer";
				COPY_PHASE_STRIP = NO;
				DEBUG_INFORMATION_FORMAT = dwarf;
				ENABLE_STRICT_OBJC_MSGSEND = YES;
				ENABLE_TESTABILITY = YES;
				GCC_C_LANGUAGE_STANDARD = gnu99;
				GCC_DYNAMIC_NO_PIC = NO;
				GCC_NO_COMMON_BLOCKS = YES;
				GCC_OPTIMIZATION_LEVEL = 0;
				GCC_PREPROCESSOR_DEFINITIONS = (
					"DEBUG=1",
					"$(inherited)",
				);
				GCC_WARN_64_TO_32_BIT_CONVERSION = YES;
				GCC_WARN_ABOUT_RETURN_TYPE = YES_ERROR;
				GCC_WARN_UNDECLARED_SELECTOR = YES;
				GCC_WARN_UNINITIALIZED_AUTOS = YES_AGGRESSIVE;
				GCC_WARN_UNUSED_FUNCTION = YES;
				GCC_WARN_UNUSED_VARIABLE = YES;
				IPHONEOS_DEPLOYMENT_TARGET = 9.1;
				MTL_ENABLE_DEBUG_INFO = YES;
				ONLY_ACTIVE_ARCH = YES;
				SDKROOT = iphoneos;
			};
			name = Debug;
		};
		13911C271C15A48E0035820C /* Release */ = {
			isa = XCBuildConfiguration;
			buildSettings = {
				ALWAYS_SEARCH_USER_PATHS = NO;
				CLANG_CXX_LANGUAGE_STANDARD = "gnu++0x";
				CLANG_CXX_LIBRARY = "libc++";
				CLANG_ENABLE_MODULES = YES;
				CLANG_ENABLE_OBJC_ARC = YES;
				CLANG_WARN_BOOL_CONVERSION = YES;
				CLANG_WARN_CONSTANT_CONVERSION = YES;
				CLANG_WARN_DIRECT_OBJC_ISA_USAGE = YES_ERROR;
				CLANG_WARN_EMPTY_BODY = YES;
				CLANG_WARN_ENUM_CONVERSION = YES;
				CLANG_WARN_INT_CONVERSION = YES;
				CLANG_WARN_OBJC_ROOT_CLASS = YES_ERROR;
				CLANG_WARN_UNREACHABLE_CODE = YES;
				CLANG_WARN__DUPLICATE_METHOD_MATCH = YES;
				"CODE_SIGN_IDENTITY[sdk=iphoneos*]" = "iPhone Developer";
				COPY_PHASE_STRIP = NO;
				DEBUG_INFORMATION_FORMAT = "dwarf-with-dsym";
				ENABLE_NS_ASSERTIONS = NO;
				ENABLE_STRICT_OBJC_MSGSEND = YES;
				GCC_C_LANGUAGE_STANDARD = gnu99;
				GCC_NO_COMMON_BLOCKS = YES;
				GCC_WARN_64_TO_32_BIT_CONVERSION = YES;
				GCC_WARN_ABOUT_RETURN_TYPE = YES_ERROR;
				GCC_WARN_UNDECLARED_SELECTOR = YES;
				GCC_WARN_UNINITIALIZED_AUTOS = YES_AGGRESSIVE;
				GCC_WARN_UNUSED_FUNCTION = YES;
				GCC_WARN_UNUSED_VARIABLE = YES;
				IPHONEOS_DEPLOYMENT_TARGET = 9.1;
				MTL_ENABLE_DEBUG_INFO = NO;
				SDKROOT = iphoneos;
				VALIDATE_PRODUCT = YES;
			};
			name = Release;
		};
		13911C291C15A48E0035820C /* Debug */ = {
			isa = XCBuildConfiguration;
			buildSettings = {
				ASSETCATALOG_COMPILER_APPICON_NAME = AppIcon;
				INFOPLIST_FILE = PatternKitDemo/Info.plist;
				LD_RUNPATH_SEARCH_PATHS = "$(inherited) @executable_path/Frameworks";
				PRODUCT_BUNDLE_IDENTIFIER = com.threesidedcube.PatternKitDemo;
				PRODUCT_NAME = "$(TARGET_NAME)";
			};
			name = Debug;
		};
		13911C2A1C15A48E0035820C /* Release */ = {
			isa = XCBuildConfiguration;
			buildSettings = {
				ASSETCATALOG_COMPILER_APPICON_NAME = AppIcon;
				INFOPLIST_FILE = PatternKitDemo/Info.plist;
				LD_RUNPATH_SEARCH_PATHS = "$(inherited) @executable_path/Frameworks";
				PRODUCT_BUNDLE_IDENTIFIER = com.threesidedcube.PatternKitDemo;
				PRODUCT_NAME = "$(TARGET_NAME)";
			};
			name = Release;
		};
/* End XCBuildConfiguration section */

/* Begin XCConfigurationList section */
		13911C0C1C15A48D0035820C /* Build configuration list for PBXProject "PatternKitDemo" */ = {
			isa = XCConfigurationList;
			buildConfigurations = (
				13911C261C15A48E0035820C /* Debug */,
				13911C271C15A48E0035820C /* Release */,
			);
			defaultConfigurationIsVisible = 0;
			defaultConfigurationName = Release;
		};
		13911C281C15A48E0035820C /* Build configuration list for PBXNativeTarget "PatternKitDemo" */ = {
			isa = XCConfigurationList;
			buildConfigurations = (
				13911C291C15A48E0035820C /* Debug */,
				13911C2A1C15A48E0035820C /* Release */,
			);
			defaultConfigurationIsVisible = 0;
			defaultConfigurationName = Release;
		};
/* End XCConfigurationList section */
	};
	rootObject = 13911C091C15A48D0035820C /* Project object */;
}
